
Microsoft Visual Studio Solution File, Format Version 12.00
# Visual Studio 2015
Project("{FAE04EC0-301F-11D3-BF4B-00C04F79EFBC}") = "Zombie's Revenge.CSharp", "Zombie's Revenge.CSharp.csproj", "{B7ED31E3-58C3-BB28-A401-B152F6F4E2EB}"
EndProject
Global
	GlobalSection(SolutionConfigurationPlatforms) = preSolution
		Debug|Any CPU = Debug|Any CPU
		Release|Any CPU = Release|Any CPU
	EndGlobalSection
	GlobalSection(ProjectConfigurationPlatforms) = postSolution
		{B7ED31E3-58C3-BB28-A401-B152F6F4E2EB}.Debug|Any CPU.ActiveCfg = Debug|Any CPU
		{B7ED31E3-58C3-BB28-A401-B152F6F4E2EB}.Debug|Any CPU.Build.0 = Debug|Any CPU
		{B7ED31E3-58C3-BB28-A401-B152F6F4E2EB}.Release|Any CPU.ActiveCfg = Release|Any CPU
		{B7ED31E3-58C3-BB28-A401-B152F6F4E2EB}.Release|Any CPU.Build.0 = Release|Any CPU
	EndGlobalSection
	GlobalSection(SolutionProperties) = preSolution
		HideSolutionNode = FALSE
	EndGlobalSection
EndGlobal
